
Microsoft Visual Studio Solution File, Format Version 12.00
# Visual Studio Version 16
VisualStudioVersion = 16.0.30907.101
MinimumVisualStudioVersion = 10.0.40219.1
Project("{FAE04EC0-301F-11D3-BF4B-00C04F79EFBC}") = "osu!FarmMapsDeleter", "osu!FarmMapsDeleter\osu!FarmMapsDeleter.csproj", "{A961F40E-0D5B-47CB-8428-287EBA058DCD}"
EndProject
Global
	GlobalSection(SolutionConfigurationPlatforms) = preSolution
		Debug|Any CPU = Debug|Any CPU
		Release|Any CPU = Release|Any CPU
	EndGlobalSection
	GlobalSection(ProjectConfigurationPlatforms) = postSolution
		{A961F40E-0D5B-47CB-8428-287EBA058DCD}.Debug|Any CPU.ActiveCfg = Debug|Any CPU
		{A961F40E-0D5B-47CB-8428-287EBA058DCD}.Debug|Any CPU.Build.0 = Debug|Any CPU
		{A961F40E-0D5B-47CB-8428-287EBA058DCD}.Release|Any CPU.ActiveCfg = Release|Any CPU
		{A961F40E-0D5B-47CB-8428-287EBA058DCD}.Release|Any CPU.Build.0 = Release|Any CPU
	EndGlobalSection
	GlobalSection(SolutionProperties) = preSolution
		HideSolutionNode = FALSE
	EndGlobalSection
	GlobalSection(ExtensibilityGlobals) = postSolution
		SolutionGuid = {B34177BD-A3AE-4392-827A-5B57F0E23E0A}
	EndGlobalSection
EndGlobal
